
Microsoft Visual Studio Solution File, Format Version 12.00
# Visual Studio Version 16
VisualStudioVersion = 16.0.30907.101
MinimumVisualStudioVersion = 10.0.40219.1
Project("{FAE04EC0-301F-11D3-BF4B-00C04F79EFBC}") = "P-Functions_Calculator", "P-Functions_Calculator\P-Functions_Calculator.csproj", "{CF64F3A5-EC5D-4A84-8127-AD7EABD47C01}"
EndProject
Global
	GlobalSection(SolutionConfigurationPlatforms) = preSolution
		Debug|Any CPU = Debug|Any CPU
		Release|Any CPU = Release|Any CPU
	EndGlobalSection
	GlobalSection(ProjectConfigurationPlatforms) = postSolution
		{CF64F3A5-EC5D-4A84-8127-AD7EABD47C01}.Debug|Any CPU.ActiveCfg = Debug|Any CPU
		{CF64F3A5-EC5D-4A84-8127-AD7EABD47C01}.Debug|Any CPU.Build.0 = Debug|Any CPU
		{CF64F3A5-EC5D-4A84-8127-AD7EABD47C01}.Release|Any CPU.ActiveCfg = Release|Any CPU
		{CF64F3A5-EC5D-4A84-8127-AD7EABD47C01}.Release|Any CPU.Build.0 = Release|Any CPU
	EndGlobalSection
	GlobalSection(SolutionProperties) = preSolution
		HideSolutionNode = FALSE
	EndGlobalSection
	GlobalSection(ExtensibilityGlobals) = postSolution
		SolutionGuid = {8B5A55B4-1E94-4ACC-B622-C1DD1591F80D}
	EndGlobalSection
EndGlobal
